%{
  "earmark": {:hex, :earmark, "1.3.0", "17f0c38eaafb4800f746b457313af4b2442a8c2405b49c645768680f900be603", [:mix], [], "hexpm"},
  "ex_doc": {:hex, :ex_doc, "0.19.1", "519bb9c19526ca51d326c060cb1778d4a9056b190086a8c6c115828eaccea6cf", [:mix], [{:earmark, "~> 1.1", [hex: :earmark, repo: "hexpm", optional: false]}, {:makeup_elixir, "~> 0.7", [hex: :makeup_elixir, repo: "hexpm", optional: false]}], "hexpm"},
  "fn_expr": {:hex, :fn_expr, "0.3.0", "eba76fc0478ea75c89682bc0165f3d47ff2ac0685ba425d95e6e9f37d695bb89", [:mix], [{:version_tasks, "~> 0.10", [hex: :version_tasks, repo: "hexpm", optional: false]}], "hexpm"},
  "git_cli": {:hex, :git_cli, "0.2.5", "40673235d088d2784d4e03511e62cac2ef520495cb6cc459f00b4e13aaf0fbf4", [:mix], [], "hexpm"},
  "makeup": {:hex, :makeup, "0.5.5", "9e08dfc45280c5684d771ad58159f718a7b5788596099bdfb0284597d368a882", [:mix], [{:nimble_parsec, "~> 0.4", [hex: :nimble_parsec, repo: "hexpm", optional: false]}], "hexpm"},
  "makeup_elixir": {:hex, :makeup_elixir, "0.10.0", "0f09c2ddf352887a956d84f8f7e702111122ca32fbbc84c2f0569b8b65cbf7fa", [:mix], [{:makeup, "~> 0.5.5", [hex: :makeup, repo: "hexpm", optional: false]}], "hexpm"},
  "nimble_parsec": {:hex, :nimble_parsec, "0.4.0", "ee261bb53214943679422be70f1658fff573c5d0b0a1ecd0f18738944f818efe", [:mix], [], "hexpm"},
  "persistent_ets": {:git, "https://github.com/michalmuskala/persistent_ets.git", "72c4184caed5e1e26cdd57ab10583aca1e20ef31", []},
  "version_tasks": {:hex, :version_tasks, "0.11.3", "b44c4d99f6af76f69b45e36fec87646f6036d362c0902d04e035889a5f280241", [:mix], [{:git_cli, "~> 0.2", [hex: :git_cli, repo: "hexpm", optional: false]}], "hexpm"},
}
